
Microsoft Visual Studio Solution File, Format Version 12.00
# Visual Studio Version 17
VisualStudioVersion = 17.9.34728.123
MinimumVisualStudioVersion = 10.0.40219.1
Project("{8BC9CEB8-8B4A-11D0-8D11-00A0C91BC942}") = "Milestone 2", "Milestone 2.vcxproj", "{F2467D65-F696-48F7-BC5E-35976E3C68D5}"
EndProject
Global
	GlobalSection(SolutionConfigurationPlatforms) = preSolution
		Debug|x64 = Debug|x64
		Debug|x86 = Debug|x86
		Release|x64 = Release|x64
		Release|x86 = Release|x86
	EndGlobalSection
	GlobalSection(ProjectConfigurationPlatforms) = postSolution
		{F2467D65-F696-48F7-BC5E-35976E3C68D5}.Debug|x64.ActiveCfg = Debug|x64
		{F2467D65-F696-48F7-BC5E-35976E3C68D5}.Debug|x64.Build.0 = Debug|x64
		{F2467D65-F696-48F7-BC5E-35976E3C68D5}.Debug|x86.ActiveCfg = Debug|Win32
		{F2467D65-F696-48F7-BC5E-35976E3C68D5}.Debug|x86.Build.0 = Debug|Win32
		{F2467D65-F696-48F7-BC5E-35976E3C68D5}.Release|x64.ActiveCfg = Release|x64
		{F2467D65-F696-48F7-BC5E-35976E3C68D5}.Release|x64.Build.0 = Release|x64
		{F2467D65-F696-48F7-BC5E-35976E3C68D5}.Release|x86.ActiveCfg = Release|Win32
		{F2467D65-F696-48F7-BC5E-35976E3C68D5}.Release|x86.Build.0 = Release|Win32
	EndGlobalSection
	GlobalSection(SolutionProperties) = preSolution
		HideSolutionNode = FALSE
	EndGlobalSection
	GlobalSection(ExtensibilityGlobals) = postSolution
		SolutionGuid = {87F255E5-9861-4063-84AC-083056E315D2}
	EndGlobalSection
EndGlobal
